PODS:
  - DCCJCashier (0.2.6):
    - DCCJNetwork (~> 0.2.8)
  - DCCJMiddleware (0.2.5):
    - DCCJCashier (~> 0.2.6)
    - DCCJUser (~> 0.1.2)
  - DCCJNetwork (0.2.8)
  - DCCJUser (0.1.2)

DEPENDENCIES:
  - DCCJMiddleware (from `../`)

SPEC REPOS:
  https://github.com/cocoapods/specs.git:
    - DCCJCashier
    - DCCJNetwork
    - DCCJUser

EXTERNAL SOURCES:
  DCCJMiddleware:
    :path: "../"

SPEC CHECKSUMS:
  DCCJCashier: 934ab2cb525e9e1341b575cf6ab8aa828fb2b5b0
  DCCJMiddleware: 5b7dbf595236b656caf6baf99c4885b39da18e31
  DCCJNetwork: 187f71aecb84c5ae1705cf6b55754302bb834cfc
  DCCJUser: e8311eb7452ef1808ee6d861bb16fa76b7909dc7

PODFILE CHECKSUM: 6b8ae2714bca679ebac4f09469cd2eb9682159a0

COCOAPODS: 1.5.3
